
Microsoft Visual Studio Solution File, Format Version 12.00
# Visual Studio Version 17
VisualStudioVersion = 17.13.35507.96
MinimumVisualStudioVersion = 10.0.40219.1
Project("{FAE04EC0-301F-11D3-BF4B-00C04F79EFBC}") = "InspireEd.Domain", "InspireEd.Domain\InspireEd.Domain.csproj", "{1A3784EA-A43C-47DC-AE6D-850F8B98EB64}"
EndProject
Project("{FAE04EC0-301F-11D3-BF4B-00C04F79EFBC}") = "InspireEd.Application", "InspireEd.Application\InspireEd.Application.csproj", "{BB8AF9D6-43C1-4B47-B9C1-52902975109A}"
EndProject
Project("{FAE04EC0-301F-11D3-BF4B-00C04F79EFBC}") = "InspireEd.Persistence", "InspireEd.Persistence\InspireEd.Persistence.csproj", "{D0BC05CB-3D54-4696-89D9-EB7119F52714}"
EndProject
Project("{FAE04EC0-301F-11D3-BF4B-00C04F79EFBC}") = "InspireEd.Infrastructure", "InspireEd.Infrastructure\InspireEd.Infrastructure.csproj", "{015F643D-196C-43C7-9BAF-229095B39171}"
EndProject
Project("{FAE04EC0-301F-11D3-BF4B-00C04F79EFBC}") = "InspireEd.Presentation", "InspireEd.Presentation\InspireEd.Presentation.csproj", "{F184B957-7699-403B-B4B3-5E944CB4FB71}"
EndProject
Project("{FAE04EC0-301F-11D3-BF4B-00C04F79EFBC}") = "InspireEd.App", "InspireEd.App\InspireEd.App.csproj", "{E0214ED8-D7C0-4E93-9918-E612C6E0B0D0}"
EndProject
Global
	GlobalSection(SolutionConfigurationPlatforms) = preSolution
		Debug|Any CPU = Debug|Any CPU
		Release|Any CPU = Release|Any CPU
	EndGlobalSection
	GlobalSection(ProjectConfigurationPlatforms) = postSolution
		{1A3784EA-A43C-47DC-AE6D-850F8B98EB64}.Debug|Any CPU.ActiveCfg = Debug|Any CPU
		{1A3784EA-A43C-47DC-AE6D-850F8B98EB64}.Debug|Any CPU.Build.0 = Debug|Any CPU
		{1A3784EA-A43C-47DC-AE6D-850F8B98EB64}.Release|Any CPU.ActiveCfg = Release|Any CPU
		{1A3784EA-A43C-47DC-AE6D-850F8B98EB64}.Release|Any CPU.Build.0 = Release|Any CPU
		{BB8AF9D6-43C1-4B47-B9C1-52902975109A}.Debug|Any CPU.ActiveCfg = Debug|Any CPU
		{BB8AF9D6-43C1-4B47-B9C1-52902975109A}.Debug|Any CPU.Build.0 = Debug|Any CPU
		{BB8AF9D6-43C1-4B47-B9C1-52902975109A}.Release|Any CPU.ActiveCfg = Release|Any CPU
		{BB8AF9D6-43C1-4B47-B9C1-52902975109A}.Release|Any CPU.Build.0 = Release|Any CPU
		{D0BC05CB-3D54-4696-89D9-EB7119F52714}.Debug|Any CPU.ActiveCfg = Debug|Any CPU
		{D0BC05CB-3D54-4696-89D9-EB7119F52714}.Debug|Any CPU.Build.0 = Debug|Any CPU
		{D0BC05CB-3D54-4696-89D9-EB7119F52714}.Release|Any CPU.ActiveCfg = Release|Any CPU
		{D0BC05CB-3D54-4696-89D9-EB7119F52714}.Release|Any CPU.Build.0 = Release|Any CPU
		{015F643D-196C-43C7-9BAF-229095B39171}.Debug|Any CPU.ActiveCfg = Debug|Any CPU
		{015F643D-196C-43C7-9BAF-229095B39171}.Debug|Any CPU.Build.0 = Debug|Any CPU
		{015F643D-196C-43C7-9BAF-229095B39171}.Release|Any CPU.ActiveCfg = Release|Any CPU
		{015F643D-196C-43C7-9BAF-229095B39171}.Release|Any CPU.Build.0 = Release|Any CPU
		{F184B957-7699-403B-B4B3-5E944CB4FB71}.Debug|Any CPU.ActiveCfg = Debug|Any CPU
		{F184B957-7699-403B-B4B3-5E944CB4FB71}.Debug|Any CPU.Build.0 = Debug|Any CPU
		{F184B957-7699-403B-B4B3-5E944CB4FB71}.Release|Any CPU.ActiveCfg = Release|Any CPU
		{F184B957-7699-403B-B4B3-5E944CB4FB71}.Release|Any CPU.Build.0 = Release|Any CPU
		{E0214ED8-D7C0-4E93-9918-E612C6E0B0D0}.Debug|Any CPU.ActiveCfg = Debug|Any CPU
		{E0214ED8-D7C0-4E93-9918-E612C6E0B0D0}.Debug|Any CPU.Build.0 = Debug|Any CPU
		{E0214ED8-D7C0-4E93-9918-E612C6E0B0D0}.Release|Any CPU.ActiveCfg = Release|Any CPU
		{E0214ED8-D7C0-4E93-9918-E612C6E0B0D0}.Release|Any CPU.Build.0 = Release|Any CPU
	EndGlobalSection
	GlobalSection(SolutionProperties) = preSolution
		HideSolutionNode = FALSE
	EndGlobalSection
	GlobalSection(ExtensibilityGlobals) = postSolution
		SolutionGuid = {5C6844D3-7483-4EBA-ACB8-E0972FD70F75}
	EndGlobalSection
EndGlobal
